
Microsoft Visual Studio Solution File, Format Version 12.00
# Visual Studio Version 17
VisualStudioVersion = 17.8.34330.188
MinimumVisualStudioVersion = 10.0.40219.1
Project("{FAE04EC0-301F-11D3-BF4B-00C04F79EFBC}") = "GMS1", "GMS1\GMS1.csproj", "{B6122B48-99DF-45D9-B22F-CF987376A900}"
EndProject
Global
	GlobalSection(SolutionConfigurationPlatforms) = preSolution
		Debug|Any CPU = Debug|Any CPU
		Release|Any CPU = Release|Any CPU
	EndGlobalSection
	GlobalSection(ProjectConfigurationPlatforms) = postSolution
		{B6122B48-99DF-45D9-B22F-CF987376A900}.Debug|Any CPU.ActiveCfg = Debug|Any CPU
		{B6122B48-99DF-45D9-B22F-CF987376A900}.Debug|Any CPU.Build.0 = Debug|Any CPU
		{B6122B48-99DF-45D9-B22F-CF987376A900}.Release|Any CPU.ActiveCfg = Release|Any CPU
		{B6122B48-99DF-45D9-B22F-CF987376A900}.Release|Any CPU.Build.0 = Release|Any CPU
	EndGlobalSection
	GlobalSection(SolutionProperties) = preSolution
		HideSolutionNode = FALSE
	EndGlobalSection
	GlobalSection(ExtensibilityGlobals) = postSolution
		SolutionGuid = {A0D641CD-497E-480F-875D-D9C4A4B48765}
	EndGlobalSection
EndGlobal
